
Microsoft Visual Studio Solution File, Format Version 12.00
# Visual Studio Version 16
VisualStudioVersion = 16.0.30803.129
MinimumVisualStudioVersion = 10.0.40219.1
Project("{9A19103F-16F7-4668-BE54-9A1E7A4F7556}") = "OopSubmitStatistic", "OopSubmitStatistic\OopSubmitStatistic.csproj", "{C981A1AA-CF41-4807-9BE3-AFC61923C15D}"
EndProject
Project("{9A19103F-16F7-4668-BE54-9A1E7A4F7556}") = "Greenper.Sample", "Greenper.Sample\Greenper.Sample.csproj", "{1C2A524A-DFB0-4DE2-A87A-98E991119922}"
EndProject
Project("{9A19103F-16F7-4668-BE54-9A1E7A4F7556}") = "Greenper", "Greenper\Greenper.csproj", "{4694EBAF-2A65-4CE8-A606-2449D2BC809F}"
EndProject
Global
	GlobalSection(SolutionConfigurationPlatforms) = preSolution
		Debug|Any CPU = Debug|Any CPU
		Release|Any CPU = Release|Any CPU
	EndGlobalSection
	GlobalSection(ProjectConfigurationPlatforms) = postSolution
		{C981A1AA-CF41-4807-9BE3-AFC61923C15D}.Debug|Any CPU.ActiveCfg = Debug|Any CPU
		{C981A1AA-CF41-4807-9BE3-AFC61923C15D}.Debug|Any CPU.Build.0 = Debug|Any CPU
		{C981A1AA-CF41-4807-9BE3-AFC61923C15D}.Release|Any CPU.ActiveCfg = Release|Any CPU
		{C981A1AA-CF41-4807-9BE3-AFC61923C15D}.Release|Any CPU.Build.0 = Release|Any CPU
		{1C2A524A-DFB0-4DE2-A87A-98E991119922}.Debug|Any CPU.ActiveCfg = Debug|Any CPU
		{1C2A524A-DFB0-4DE2-A87A-98E991119922}.Debug|Any CPU.Build.0 = Debug|Any CPU
		{1C2A524A-DFB0-4DE2-A87A-98E991119922}.Release|Any CPU.ActiveCfg = Release|Any CPU
		{1C2A524A-DFB0-4DE2-A87A-98E991119922}.Release|Any CPU.Build.0 = Release|Any CPU
		{4694EBAF-2A65-4CE8-A606-2449D2BC809F}.Debug|Any CPU.ActiveCfg = Debug|Any CPU
		{4694EBAF-2A65-4CE8-A606-2449D2BC809F}.Debug|Any CPU.Build.0 = Debug|Any CPU
		{4694EBAF-2A65-4CE8-A606-2449D2BC809F}.Release|Any CPU.ActiveCfg = Release|Any CPU
		{4694EBAF-2A65-4CE8-A606-2449D2BC809F}.Release|Any CPU.Build.0 = Release|Any CPU
	EndGlobalSection
	GlobalSection(SolutionProperties) = preSolution
		HideSolutionNode = FALSE
	EndGlobalSection
	GlobalSection(ExtensibilityGlobals) = postSolution
		SolutionGuid = {A99C5B7C-364E-4949-86F2-9A1670CB899C}
	EndGlobalSection
EndGlobal
